
Microsoft Visual Studio Solution File, Format Version 12.00
# Visual Studio Version 16
VisualStudioVersion = 16.0.30204.135
MinimumVisualStudioVersion = 10.0.40219.1
Project("{FAE04EC0-301F-11D3-BF4B-00C04F79EFBC}") = "OIDC", "OIDC\OIDC.csproj", "{23E2A7E8-F94F-44AB-B678-F78F025D464E}"
EndProject
Global
	GlobalSection(SolutionConfigurationPlatforms) = preSolution
		Debug|Any CPU = Debug|Any CPU
		Release|Any CPU = Release|Any CPU
	EndGlobalSection
	GlobalSection(ProjectConfigurationPlatforms) = postSolution
		{23E2A7E8-F94F-44AB-B678-F78F025D464E}.Debug|Any CPU.ActiveCfg = Debug|Any CPU
		{23E2A7E8-F94F-44AB-B678-F78F025D464E}.Debug|Any CPU.Build.0 = Debug|Any CPU
		{23E2A7E8-F94F-44AB-B678-F78F025D464E}.Release|Any CPU.ActiveCfg = Release|Any CPU
		{23E2A7E8-F94F-44AB-B678-F78F025D464E}.Release|Any CPU.Build.0 = Release|Any CPU
	EndGlobalSection
	GlobalSection(SolutionProperties) = preSolution
		HideSolutionNode = FALSE
	EndGlobalSection
	GlobalSection(ExtensibilityGlobals) = postSolution
		SolutionGuid = {039CE74C-D254-4198-9D44-3105C74C620D}
	EndGlobalSection
EndGlobal
